<?xml version="1.0" encoding="utf-8"?>
<Project ToolsVersion="4.0" xmlns="http://schemas.microsoft.com/developer/msbuild/2003">
  <ItemGroup>
    <Filter Include="Resource Files">
      <UniqueIdentifier>{67DA6AB6-F800-4c08-8B7A-83BB121AAD01}</UniqueIdentifier>
      <Extensions>qrc;rc;ico;cur;bmp;dlg;rc2;rct;bin;rgs;gif;jpg;jpeg;jpe;resx;tiff;tif;png;wav;mfcribbon-ms</Extensions>
    </Filter>
    <Filter Include="Form Files">
      <UniqueIdentifier>{99349809-55BA-4b9d-BF79-8FDBB0286EB3}</UniqueIdentifier>
      <Extensions>ui</Extensions>
    </Filter>
    <Filter Include="Core">
      <UniqueIdentifier>{5662d94f-95e4-471f-9be0-b5c9023a4e43}</UniqueIdentifier>
    </Filter>
    <Filter Include="LogicalGates">
      <UniqueIdentifier>{545198d1-00b9-45af-bd81-07f761f56180}</UniqueIdentifier>
    </Filter>
    <Filter Include="Resources">
      <UniqueIdentifier>{066da104-9b36-492c-bf1c-224cd5379d06}</UniqueIdentifier>
    </Filter>
    <Filter Include="Helpers">
      <UniqueIdentifier>{6f96da30-0e7f-4318-8862-b461f612d252}</UniqueIdentifier>
    </Filter>
    <Filter Include="UI">
      <UniqueIdentifier>{ce9e09e7-7f8e-43d0-bea1-42c0a54b8a64}</UniqueIdentifier>
    </Filter>
  </ItemGroup>
  <ItemGroup>
    <QtRcc Include="ICImageProccesor.qrc">
      <Filter>Resource Files</Filter>
    </QtRcc>
    <QtUic Include="ICImageProccesor.ui">
      <Filter>Form Files</Filter>
    </QtUic>
  </ItemGroup>
  <ItemGroup>
    <ClCompile Include="Core\ImageParser.cpp">
      <Filter>Core</Filter>
    </ClCompile>
    <ClCompile Include="Core\ICDesigner.cpp">
      <Filter>Core</Filter>
    </ClCompile>
    <ClCompile Include="ICImageProccesor.cpp" />
    <ClCompile Include="main.cpp" />
    <ClCompile Include="LogicalGates\Gate0.cpp">
      <Filter>LogicalGates</Filter>
    </ClCompile>
    <ClCompile Include="LogicalGates\Gate90.cpp">
      <Filter>LogicalGates</Filter>
    </ClCompile>
    <ClCompile Include="LogicalGates\Gate180.cpp">
      <Filter>LogicalGates</Filter>
    </ClCompile>
    <ClCompile Include="LogicalGates\Gate270.cpp">
      <Filter>LogicalGates</Filter>
    </ClCompile>
    <ClCompile Include="LogicalGates\Gate.cpp">
      <Filter>LogicalGates</Filter>
    </ClCompile>
    <ClCompile Include="Helpers\KDTree.cpp">
      <Filter>Helpers</Filter>
    </ClCompile>
    <ClCompile Include="UI\CustomPixmap.cpp">
      <Filter>UI</Filter>
    </ClCompile>
  </ItemGroup>
  <ItemGroup>
    <QtMoc Include="Core\ICDesigner.h">
      <Filter>Core</Filter>
    </QtMoc>
    <QtMoc Include="ICImageProccesor.h" />
  </ItemGroup>
  <ItemGroup>
    <ClInclude Include="Core\ImageParser.h">
      <Filter>Core</Filter>
    </ClInclude>
    <ClInclude Include="Core\IParser.h">
      <Filter>Core</Filter>
    </ClInclude>
    <ClInclude Include="LogicalGates\Gate0.h">
      <Filter>LogicalGates</Filter>
    </ClInclude>
    <ClInclude Include="LogicalGates\Gate90.h">
      <Filter>LogicalGates</Filter>
    </ClInclude>
    <ClInclude Include="LogicalGates\Gate180.h">
      <Filter>LogicalGates</Filter>
    </ClInclude>
    <ClInclude Include="LogicalGates\Gate270.h">
      <Filter>LogicalGates</Filter>
    </ClInclude>
    <ClInclude Include="LogicalGates\Gate.h">
      <Filter>LogicalGates</Filter>
    </ClInclude>
    <ClInclude Include="Helpers\KDTree.h">
      <Filter>Helpers</Filter>
    </ClInclude>
    <ClInclude Include="UI\CustomPixmap.h">
      <Filter>UI</Filter>
    </ClInclude>
  </ItemGroup>
  <ItemGroup>
    <Image Include="Resources\And0.jpg">
      <Filter>Resources</Filter>
    </Image>
    <Image Include="Resources\And90.jpg">
      <Filter>Resources</Filter>
    </Image>
    <Image Include="Resources\And180.jpg">
      <Filter>Resources</Filter>
    </Image>
    <Image Include="Resources\And270.jpg">
      <Filter>Resources</Filter>
    </Image>
    <Image Include="Resources\Buffer0.jpg">
      <Filter>Resources</Filter>
    </Image>
    <Image Include="Resources\Buffer90.jpg">
      <Filter>Resources</Filter>
    </Image>
    <Image Include="Resources\Buffer180.jpg">
      <Filter>Resources</Filter>
    </Image>
    <Image Include="Resources\Buffer270.jpg">
      <Filter>Resources</Filter>
    </Image>
    <Image Include="Resources\Nand0.jpg">
      <Filter>Resources</Filter>
    </Image>
    <Image Include="Resources\Nand90.jpg">
      <Filter>Resources</Filter>
    </Image>
    <Image Include="Resources\Nand180.jpg">
      <Filter>Resources</Filter>
    </Image>
    <Image Include="Resources\Nand270.jpg">
      <Filter>Resources</Filter>
    </Image>
    <Image Include="Resources\Nor0.jpg">
      <Filter>Resources</Filter>
    </Image>
    <Image Include="Resources\Nor90.jpg">
      <Filter>Resources</Filter>
    </Image>
    <Image Include="Resources\Nor180.jpg">
      <Filter>Resources</Filter>
    </Image>
    <Image Include="Resources\Nor270.jpg">
      <Filter>Resources</Filter>
    </Image>
    <Image Include="Resources\Not0.jpg">
      <Filter>Resources</Filter>
    </Image>
    <Image Include="Resources\Not90.jpg">
      <Filter>Resources</Filter>
    </Image>
    <Image Include="Resources\Not180.jpg">
      <Filter>Resources</Filter>
    </Image>
    <Image Include="Resources\Not270.jpg">
      <Filter>Resources</Filter>
    </Image>
    <Image Include="Resources\Or0.jpg">
      <Filter>Resources</Filter>
    </Image>
    <Image Include="Resources\Or90.jpg">
      <Filter>Resources</Filter>
    </Image>
    <Image Include="Resources\Or180.jpg">
      <Filter>Resources</Filter>
    </Image>
    <Image Include="Resources\Or270.jpg">
      <Filter>Resources</Filter>
    </Image>
    <Image Include="Resources\Xnor0.jpg">
      <Filter>Resources</Filter>
    </Image>
    <Image Include="Resources\Xnor90.jpg">
      <Filter>Resources</Filter>
    </Image>
    <Image Include="Resources\Xnor180.jpg">
      <Filter>Resources</Filter>
    </Image>
    <Image Include="Resources\Xnor270.jpg">
      <Filter>Resources</Filter>
    </Image>
    <Image Include="Resources\Xor0.jpg">
      <Filter>Resources</Filter>
    </Image>
    <Image Include="Resources\Xor90.jpg">
      <Filter>Resources</Filter>
    </Image>
    <Image Include="Resources\Xor180.jpg">
      <Filter>Resources</Filter>
    </Image>
    <Image Include="Resources\Xor270.jpg">
      <Filter>Resources</Filter>
    </Image>
  </ItemGroup>
</Project>